<?xml version="1.0" encoding="utf-8"?>
<Project ToolsVersion="4.0" xmlns="http://schemas.microsoft.com/developer/msbuild/2003">
  <ItemGroup>
    <Filter Include="Source Files">
      <UniqueIdentifier>{4FC737F1-C7A5-4376-A066-2A32D752A2FF}</UniqueIdentifier>
      <Extensions>cpp;c;cc;cxx;c++;cppm;ixx;def;odl;idl;hpj;bat;asm;asmx</Extensions>
    </Filter>
    <Filter Include="Header Files">
      <UniqueIdentifier>{93995380-89BD-4b04-88EB-625FBE52EBFB}</UniqueIdentifier>
      <Extensions>h;hh;hpp;hxx;h++;hm;inl;inc;ipp;xsd</Extensions>
    </Filter>
    <Filter Include="Resource Files">
      <UniqueIdentifier>{67DA6AB6-F800-4c08-8B7A-83BB121AAD01}</UniqueIdentifier>
      <Extensions>rc;ico;cur;bmp;dlg;rc2;rct;bin;rgs;gif;jpg;jpeg;jpe;resx;tiff;tif;png;wav;mfcribbon-ms</Extensions>
    </Filter>
  </ItemGroup>
  <ItemGroup>
    <ClCompile Include="src\Main.cpp">
      <Filter>Source Files</Filter>
    </ClCompile>
    <ClCompile Include="src\image_slice.cpp">
      <Filter>Source Files</Filter>
    </ClCompile>
    <ClCompile Include="src\Button.cpp">
      <Filter>Source Files</Filter>
    </ClCompile>
    <ClCompile Include="src\assets.cpp">
      <Filter>Source Files</Filter>
    </ClCompile>
    <ClCompile Include="src\config.cpp">
      <Filter>Source Files</Filter>
    </ClCompile>
    <ClCompile Include="src\transform.cpp">
      <Filter>Source Files</Filter>
    </ClCompile>
    <ClCompile Include="src\texture_location.cpp">
      <Filter>Source Files</Filter>
    </ClCompile>
    <ClCompile Include="src\scene_management.cpp">
      <Filter>Source Files</Filter>
    </ClCompile>
    <ClCompile Include="src\image_puzzle.cpp">
      <Filter>Source Files</Filter>
    </ClCompile>
    <ClCompile Include="src\user_controls.cpp">
      <Filter>Source Files</Filter>
    </ClCompile>
    <ClCompile Include="src\animation.cpp">
      <Filter>Source Files</Filter>
    </ClCompile>
    <ClCompile Include="src\ToggleButton.cpp">
      <Filter>Source Files</Filter>
    </ClCompile>
    <ClCompile Include="src\FileDialog\tinyfiledialogs.cpp">
      <Filter>Source Files</Filter>
    </ClCompile>
    <ClCompile Include="src\PuzzleResult.cpp">
      <Filter>Source Files</Filter>
    </ClCompile>
    <ClCompile Include="src\SaveResults\Save.cpp">
      <Filter>Source Files</Filter>
    </ClCompile>
  </ItemGroup>
  <ItemGroup>
    <Image Include="Resources\Images\bertface.png">
      <Filter>Resource Files</Filter>
    </Image>
    <Image Include="Resources\Images\bg.png">
      <Filter>Resource Files</Filter>
    </Image>
    <Image Include="Resources\Images\jerry.jpg">
      <Filter>Resource Files</Filter>
    </Image>
    <Image Include="Resources\Images\mayon.jpg">
      <Filter>Resource Files</Filter>
    </Image>
    <Image Include="Resources\Images\exit_button_up.png">
      <Filter>Resource Files</Filter>
    </Image>
    <Image Include="Resources\Images\exit_button_down.png">
      <Filter>Resource Files</Filter>
    </Image>
    <Image Include="Resources\Images\play_button_down.png">
      <Filter>Resource Files</Filter>
    </Image>
    <Image Include="Resources\Images\play_button_up.png">
      <Filter>Resource Files</Filter>
    </Image>
    <Image Include="Resources\Images\bgOverlay.png">
      <Filter>Resource Files</Filter>
    </Image>
    <Image Include="Resources\Images\back_button_up.png">
      <Filter>Resource Files</Filter>
    </Image>
    <Image Include="Resources\Images\back_button_down.png">
      <Filter>Resource Files</Filter>
    </Image>
    <Image Include="Resources\Images\next_button_down.png">
      <Filter>Resource Files</Filter>
    </Image>
    <Image Include="Resources\Images\next_button_up.png">
      <Filter>Resource Files</Filter>
    </Image>
    <Image Include="Resources\Images\tog_aud_disabled.png">
      <Filter>Resource Files</Filter>
    </Image>
    <Image Include="Resources\Images\tog_aud_down.png">
      <Filter>Resource Files</Filter>
    </Image>
    <Image Include="Resources\Images\tog_aud_up.png">
      <Filter>Resource Files</Filter>
    </Image>
    <Image Include="Resources\Images\tog_music_disabled.png">
      <Filter>Resource Files</Filter>
    </Image>
    <Image Include="Resources\Images\tog_music_down.png">
      <Filter>Resource Files</Filter>
    </Image>
    <Image Include="Resources\Images\tog_music_up.png">
      <Filter>Resource Files</Filter>
    </Image>
    <Image Include="Resources\Images\folder_down.png">
      <Filter>Resource Files</Filter>
    </Image>
    <Image Include="Resources\Images\folder_up.png">
      <Filter>Resource Files</Filter>
    </Image>
    <Image Include="Resources\Images\plus_down.png">
      <Filter>Resource Files</Filter>
    </Image>
    <Image Include="Resources\Images\plus_up.png">
      <Filter>Resource Files</Filter>
    </Image>
    <Image Include="Resources\Images\sub_down.png">
      <Filter>Resource Files</Filter>
    </Image>
    <Image Include="Resources\Images\sub_up.png">
      <Filter>Resource Files</Filter>
    </Image>
    <Image Include="Resources\Images\pause_button_down.png">
      <Filter>Resource Files</Filter>
    </Image>
    <Image Include="Resources\Images\pause_button_up.png">
      <Filter>Resource Files</Filter>
    </Image>
    <Image Include="Resources\Images\menu_button_down.png">
      <Filter>Resource Files</Filter>
    </Image>
    <Image Include="Resources\Images\menu_button_up.png">
      <Filter>Resource Files</Filter>
    </Image>
    <Image Include="Resources\Images\res_button_down.png">
      <Filter>Resource Files</Filter>
    </Image>
    <Image Include="Resources\Images\res_button_up.png">
      <Filter>Resource Files</Filter>
    </Image>
    <Image Include="Resources\Images\wood_border.png">
      <Filter>Resource Files</Filter>
    </Image>
    <Image Include="Resources\Images\retry_button_down.png">
      <Filter>Resource Files</Filter>
    </Image>
    <Image Include="Resources\Images\retry_button_up.png">
      <Filter>Resource Files</Filter>
    </Image>
    <Image Include="Resources\Images\title.png">
      <Filter>Resource Files</Filter>
    </Image>
    <Image Include="Resources\Images\tog_h1_disabled.png">
      <Filter>Resource Files</Filter>
    </Image>
    <Image Include="Resources\Images\tog_h1_down.png">
      <Filter>Resource Files</Filter>
    </Image>
    <Image Include="Resources\Images\tog_h1_up.png">
      <Filter>Resource Files</Filter>
    </Image>
    <Image Include="Resources\Images\tog_h2_disabled.png">
      <Filter>Resource Files</Filter>
    </Image>
    <Image Include="Resources\Images\tog_h2_down.png">
      <Filter>Resource Files</Filter>
    </Image>
    <Image Include="Resources\Images\tog_h2_up.png">
      <Filter>Resource Files</Filter>
    </Image>
    <Image Include="Resources\Images\start_button_down.png">
      <Filter>Resource Files</Filter>
    </Image>
    <Image Include="Resources\Images\start_button_up.png">
      <Filter>Resource Files</Filter>
    </Image>
    <Image Include="Resources\Images\prev_button_down.png">
      <Filter>Resource Files</Filter>
    </Image>
    <Image Include="Resources\Images\prev_button_up.png">
      <Filter>Resource Files</Filter>
    </Image>
    <Image Include="Resources\Images\Icons\icon1.png">
      <Filter>Resource Files</Filter>
    </Image>
    <Image Include="Resources\Images\Icons\icon2.png">
      <Filter>Resource Files</Filter>
    </Image>
    <Image Include="Resources\Images\Icons\icon3.png">
      <Filter>Resource Files</Filter>
    </Image>
    <Image Include="Resources\Images\bg_blank.png">
      <Filter>Resource Files</Filter>
    </Image>
    <Image Include="Resources\Images\Rate\0.png">
      <Filter>Resource Files</Filter>
    </Image>
    <Image Include="Resources\Images\Rate\3.png">
      <Filter>Resource Files</Filter>
    </Image>
    <Image Include="Resources\Images\Rate\4.png">
      <Filter>Resource Files</Filter>
    </Image>
    <Image Include="Resources\Images\Rate\5.png">
      <Filter>Resource Files</Filter>
    </Image>
    <Image Include="Resources\Images\Rate\6.png">
      <Filter>Resource Files</Filter>
    </Image>
    <Image Include="Resources\Images\Rate\7.png">
      <Filter>Resource Files</Filter>
    </Image>
    <Image Include="Resources\Images\Rate\8.png">
      <Filter>Resource Files</Filter>
    </Image>
    <Image Include="Resources\Images\Rate\9.png">
      <Filter>Resource Files</Filter>
    </Image>
    <Image Include="Resources\Images\Rate\10.png">
      <Filter>Resource Files</Filter>
    </Image>
  </ItemGroup>
  <ItemGroup>
    <ClInclude Include="src\image_slice.h">
      <Filter>Header Files</Filter>
    </ClInclude>
    <ClInclude Include="src\FileDialog\tinyfiledialogs.h">
      <Filter>Header Files</Filter>
    </ClInclude>
    <ClInclude Include="src\Button.h">
      <Filter>Header Files</Filter>
    </ClInclude>
    <ClInclude Include="src\config.h">
      <Filter>Header Files</Filter>
    </ClInclude>
    <ClInclude Include="src\assets.h">
      <Filter>Header Files</Filter>
    </ClInclude>
    <ClInclude Include="src\transform.h">
      <Filter>Header Files</Filter>
    </ClInclude>
    <ClInclude Include="src\texture_location.h">
      <Filter>Header Files</Filter>
    </ClInclude>
    <ClInclude Include="src\scene_management.h">
      <Filter>Header Files</Filter>
    </ClInclude>
    <ClInclude Include="src\image_puzzle.h">
      <Filter>Header Files</Filter>
    </ClInclude>
    <ClInclude Include="src\user_controls.h">
      <Filter>Header Files</Filter>
    </ClInclude>
    <ClInclude Include="src\animation.h">
      <Filter>Header Files</Filter>
    </ClInclude>
    <ClInclude Include="src\ToggleButton.h">
      <Filter>Header Files</Filter>
    </ClInclude>
    <ClInclude Include="src\Random.h">
      <Filter>Header Files</Filter>
    </ClInclude>
    <ClInclude Include="src\PuzzleResult.h">
      <Filter>Header Files</Filter>
    </ClInclude>
    <ClInclude Include="src\SaveResults\Save.h">
      <Filter>Header Files</Filter>
    </ClInclude>
  </ItemGroup>
  <ItemGroup>
    <Font Include="Resources\Fonts\The Bomb Sound.ttf" />
    <Font Include="Resources\Font\The Bomb Sound.ttf" />
  </ItemGroup>
  <ItemGroup>
    <None Include="packages.config" />
  </ItemGroup>
  <ItemGroup>
    <Media Include="Resources\Audio\music1.mp3" />
    <Media Include="Resources\Audio\music2.mp3" />
    <Media Include="Resources\Audio\sound1.mp3" />
    <Media Include="Resources\Audio\sound3.wav">
      <Filter>Resource Files</Filter>
    </Media>
    <Media Include="Resources\Audio\sound2.wav">
      <Filter>Resource Files</Filter>
    </Media>
  </ItemGroup>
</Project>